
Microsoft Visual Studio Solution File, Format Version 12.00
# Visual Studio Version 17
VisualStudioVersion = 17.6.33829.357
MinimumVisualStudioVersion = 10.0.40219.1
Project("{9A19103F-16F7-4668-BE54-9A1E7A4F7556}") = "PD Helper", "PD Helper\PD Helper.csproj", "{7CCA4683-D37C-4A24-AB88-41B098F404DB}"
EndProject
Global
	GlobalSection(SolutionConfigurationPlatforms) = preSolution
		Debug|Any CPU = Debug|Any CPU
		Debug|x64 = Debug|x64
		Release|Any CPU = Release|Any CPU
		Release|x64 = Release|x64
	EndGlobalSection
	GlobalSection(ProjectConfigurationPlatforms) = postSolution
		{7CCA4683-D37C-4A24-AB88-41B098F404DB}.Debug|Any CPU.ActiveCfg = Debug|Any CPU
		{7CCA4683-D37C-4A24-AB88-41B098F404DB}.Debug|Any CPU.Build.0 = Debug|Any CPU
		{7CCA4683-D37C-4A24-AB88-41B098F404DB}.Debug|x64.ActiveCfg = Debug|x64
		{7CCA4683-D37C-4A24-AB88-41B098F404DB}.Debug|x64.Build.0 = Debug|x64
		{7CCA4683-D37C-4A24-AB88-41B098F404DB}.Release|Any CPU.ActiveCfg = Release|Any CPU
		{7CCA4683-D37C-4A24-AB88-41B098F404DB}.Release|Any CPU.Build.0 = Release|Any CPU
		{7CCA4683-D37C-4A24-AB88-41B098F404DB}.Release|x64.ActiveCfg = Release|x64
		{7CCA4683-D37C-4A24-AB88-41B098F404DB}.Release|x64.Build.0 = Release|x64
	EndGlobalSection
	GlobalSection(SolutionProperties) = preSolution
		HideSolutionNode = FALSE
	EndGlobalSection
	GlobalSection(ExtensibilityGlobals) = postSolution
		SolutionGuid = {DF8881B3-589C-4854-BED4-92F22BF38BEC}
	EndGlobalSection
EndGlobal
